// !$*UTF8*$!
{
	archiveVersion = 1;
	classes = {
	};
	objectVersion = 56;
	objects = {

/* Begin PBXBuildFile section */
		150E2C912B9D12280033EABA /* DailyLibrary in Frameworks */ = {isa = PBXBuildFile; productRef = 150E2C902B9D12280033EABA /* DailyLibrary */; };
		150E2C932B9D122E0033EABA /* DailyLibrary in Frameworks */ = {isa = PBXBuildFile; productRef = 150E2C922B9D122E0033EABA /* DailyLibrary */; };
		150E2C972B9D153B0033EABA /* TranslationTimelineProvider.swift in Sources */ = {isa = PBXBuildFile; fileRef = 150E2C962B9D153B0033EABA /* TranslationTimelineProvider.swift */; };
		150E2C992B9D15B20033EABA /* TranslationTimelineEntry.swift in Sources */ = {isa = PBXBuildFile; fileRef = 150E2C982B9D15B20033EABA /* TranslationTimelineEntry.swift */; };
		150E2C9B2B9D15F90033EABA /* TranslationView.swift in Sources */ = {isa = PBXBuildFile; fileRef = 150E2C9A2B9D15F90033EABA /* TranslationView.swift */; };
		150E2C9D2B9D166B0033EABA /* TranslationWidget.swift in Sources */ = {isa = PBXBuildFile; fileRef = 150E2C9C2B9D166B0033EABA /* TranslationWidget.swift */; };
		158ECBC92ADC63D900247626 /* WidgetKit.framework in Frameworks */ = {isa = PBXBuildFile; fileRef = 158ECBC82ADC63D900247626 /* WidgetKit.framework */; };
		158ECBCB2ADC63D900247626 /* SwiftUI.framework in Frameworks */ = {isa = PBXBuildFile; fileRef = 158ECBCA2ADC63D900247626 /* SwiftUI.framework */; };
		158ECBCE2ADC63D900247626 /* DailyWidgetBundle.swift in Sources */ = {isa = PBXBuildFile; fileRef = 158ECBCD2ADC63D900247626 /* DailyWidgetBundle.swift */; };
		158ECBD22ADC63DB00247626 /* Assets.xcassets in Resources */ = {isa = PBXBuildFile; fileRef = 158ECBD12ADC63DB00247626 /* Assets.xcassets */; };
		158ECBD72ADC63DB00247626 /* DailyWidgetExtension.appex in Embed Foundation Extensions */ = {isa = PBXBuildFile; fileRef = 158ECBC62ADC63D900247626 /* DailyWidgetExtension.appex */; settings = {ATTRIBUTES = (RemoveHeadersOnCopy, ); }; };
		15FF326B2ADC630E00B6B2AA /* DailyLanguageApp.swift in Sources */ = {isa = PBXBuildFile; fileRef = 15FF326A2ADC630E00B6B2AA /* DailyLanguageApp.swift */; };
		15FF326D2ADC630E00B6B2AA /* ContentView.swift in Sources */ = {isa = PBXBuildFile; fileRef = 15FF326C2ADC630E00B6B2AA /* ContentView.swift */; };
		15FF326F2ADC630F00B6B2AA /* Assets.xcassets in Resources */ = {isa = PBXBuildFile; fileRef = 15FF326E2ADC630F00B6B2AA /* Assets.xcassets */; };
		15FF32732ADC630F00B6B2AA /* Preview Assets.xcassets in Resources */ = {isa = PBXBuildFile; fileRef = 15FF32722ADC630F00B6B2AA /* Preview Assets.xcassets */; };
/* End PBXBuildFile section */

/* Begin PBXContainerItemProxy section */
		158ECBD52ADC63DB00247626 /* PBXContainerItemProxy */ = {
			isa = PBXContainerItemProxy;
			containerPortal = 15FF325F2ADC630E00B6B2AA /* Project object */;
			proxyType = 1;
			remoteGlobalIDString = 158ECBC52ADC63D900247626;
			remoteInfo = DailyWidgetExtension;
		};
/* End PBXContainerItemProxy section */

/* Begin PBXCopyFilesBuildPhase section */
		158ECBD82ADC63DB00247626 /* Embed Foundation Extensions */ = {
			isa = PBXCopyFilesBuildPhase;
			buildActionMask = 2147483647;
			dstPath = "";
			dstSubfolderSpec = 13;
			files = (
				158ECBD72ADC63DB00247626 /* DailyWidgetExtension.appex in Embed Foundation Extensions */,
			);
			name = "Embed Foundation Extensions";
			runOnlyForDeploymentPostprocessing = 0;
		};
		158ECBF92ADC803100247626 /* Embed Frameworks */ = {
			isa = PBXCopyFilesBuildPhase;
			buildActionMask = 2147483647;
			dstPath = "";
			dstSubfolderSpec = 10;
			files = (
			);
			name = "Embed Frameworks";
			runOnlyForDeploymentPostprocessing = 0;
		};
/* End PBXCopyFilesBuildPhase section */

/* Begin PBXFileReference section */
		150C5BFD2AFCC17B00310D62 /* PRIVACY.md */ = {isa = PBXFileReference; fileEncoding = 4; lastKnownFileType = net.daringfireball.markdown; path = PRIVACY.md; sourceTree = "<group>"; };
		150E2C962B9D153B0033EABA /* TranslationTimelineProvider.swift */ = {isa = PBXFileReference; lastKnownFileType = sourcecode.swift; path = TranslationTimelineProvider.swift; sourceTree = "<group>"; };
		150E2C982B9D15B20033EABA /* TranslationTimelineEntry.swift */ = {isa = PBXFileReference; lastKnownFileType = sourcecode.swift; path = TranslationTimelineEntry.swift; sourceTree = "<group>"; };
		150E2C9A2B9D15F90033EABA /* TranslationView.swift */ = {isa = PBXFileReference; lastKnownFileType = sourcecode.swift; path = TranslationView.swift; sourceTree = "<group>"; };
		150E2C9C2B9D166B0033EABA /* TranslationWidget.swift */ = {isa = PBXFileReference; lastKnownFileType = sourcecode.swift; path = TranslationWidget.swift; sourceTree = "<group>"; };
		155364902AE6E35B00164846 /* README.md */ = {isa = PBXFileReference; lastKnownFileType = net.daringfireball.markdown; path = README.md; sourceTree = "<group>"; };
		158ECBC62ADC63D900247626 /* DailyWidgetExtension.appex */ = {isa = PBXFileReference; explicitFileType = "wrapper.app-extension"; includeInIndex = 0; path = DailyWidgetExtension.appex; sourceTree = BUILT_PRODUCTS_DIR; };
		158ECBC82ADC63D900247626 /* WidgetKit.framework */ = {isa = PBXFileReference; lastKnownFileType = wrapper.framework; name = WidgetKit.framework; path = /System/Library/Frameworks/WidgetKit.framework; sourceTree = "<absolute>"; };
		158ECBCA2ADC63D900247626 /* SwiftUI.framework */ = {isa = PBXFileReference; lastKnownFileType = wrapper.framework; name = SwiftUI.framework; path = /System/Library/Frameworks/SwiftUI.framework; sourceTree = "<absolute>"; };
		158ECBCD2ADC63D900247626 /* DailyWidgetBundle.swift */ = {isa = PBXFileReference; lastKnownFileType = sourcecode.swift; path = DailyWidgetBundle.swift; sourceTree = "<group>"; };
		158ECBD12ADC63DB00247626 /* Assets.xcassets */ = {isa = PBXFileReference; lastKnownFileType = folder.assetcatalog; path = Assets.xcassets; sourceTree = "<group>"; };
		158ECBD32ADC63DB00247626 /* Info.plist */ = {isa = PBXFileReference; lastKnownFileType = text.plist.xml; path = Info.plist; sourceTree = "<group>"; };
		158ECBD42ADC63DB00247626 /* DailyWidget.entitlements */ = {isa = PBXFileReference; lastKnownFileType = text.plist.entitlements; path = DailyWidget.entitlements; sourceTree = "<group>"; };
		159637A02B9D0E53004C8BE5 /* DailyLibrary */ = {isa = PBXFileReference; lastKnownFileType = wrapper; path = DailyLibrary; sourceTree = "<group>"; };
		159A4E662AFD39EF008E0829 /* CONTRIBUTING.md */ = {isa = PBXFileReference; lastKnownFileType = net.daringfireball.markdown; path = CONTRIBUTING.md; sourceTree = "<group>"; };
		15FF32672ADC630E00B6B2AA /* DailyLanguage.app */ = {isa = PBXFileReference; explicitFileType = wrapper.application; includeInIndex = 0; path = DailyLanguage.app; sourceTree = BUILT_PRODUCTS_DIR; };
		15FF326A2ADC630E00B6B2AA /* DailyLanguageApp.swift */ = {isa = PBXFileReference; lastKnownFileType = sourcecode.swift; path = DailyLanguageApp.swift; sourceTree = "<group>"; };
		15FF326C2ADC630E00B6B2AA /* ContentView.swift */ = {isa = PBXFileReference; lastKnownFileType = sourcecode.swift; path = ContentView.swift; sourceTree = "<group>"; };
		15FF326E2ADC630F00B6B2AA /* Assets.xcassets */ = {isa = PBXFileReference; lastKnownFileType = folder.assetcatalog; path = Assets.xcassets; sourceTree = "<group>"; };
		15FF32702ADC630F00B6B2AA /* DailyLanguage.entitlements */ = {isa = PBXFileReference; lastKnownFileType = text.plist.entitlements; path = DailyLanguage.entitlements; sourceTree = "<group>"; };
		15FF32722ADC630F00B6B2AA /* Preview Assets.xcassets */ = {isa = PBXFileReference; lastKnownFileType = folder.assetcatalog; path = "Preview Assets.xcassets"; sourceTree = "<group>"; };
/* End PBXFileReference section */

/* Begin PBXFrameworksBuildPhase section */
		158ECBC32ADC63D900247626 /* Frameworks */ = {
			isa = PBXFrameworksBuildPhase;
			buildActionMask = 2147483647;
			files = (
				158ECBCB2ADC63D900247626 /* SwiftUI.framework in Frameworks */,
				158ECBC92ADC63D900247626 /* WidgetKit.framework in Frameworks */,
				150E2C912B9D12280033EABA /* DailyLibrary in Frameworks */,
			);
			runOnlyForDeploymentPostprocessing = 0;
		};
		15FF32642ADC630E00B6B2AA /* Frameworks */ = {
			isa = PBXFrameworksBuildPhase;
			buildActionMask = 2147483647;
			files = (
				150E2C932B9D122E0033EABA /* DailyLibrary in Frameworks */,
			);
			runOnlyForDeploymentPostprocessing = 0;
		};
/* End PBXFrameworksBuildPhase section */

/* Begin PBXGroup section */
		158ECBC72ADC63D900247626 /* Frameworks */ = {
			isa = PBXGroup;
			children = (
				158ECBC82ADC63D900247626 /* WidgetKit.framework */,
				158ECBCA2ADC63D900247626 /* SwiftUI.framework */,
			);
			name = Frameworks;
			sourceTree = "<group>";
		};
		158ECBCC2ADC63D900247626 /* DailyWidget */ = {
			isa = PBXGroup;
			children = (
				158ECBCD2ADC63D900247626 /* DailyWidgetBundle.swift */,
				158ECBD12ADC63DB00247626 /* Assets.xcassets */,
				158ECBD32ADC63DB00247626 /* Info.plist */,
				158ECBD42ADC63DB00247626 /* DailyWidget.entitlements */,
				150E2C962B9D153B0033EABA /* TranslationTimelineProvider.swift */,
				150E2C982B9D15B20033EABA /* TranslationTimelineEntry.swift */,
				150E2C9A2B9D15F90033EABA /* TranslationView.swift */,
				150E2C9C2B9D166B0033EABA /* TranslationWidget.swift */,
			);
			path = DailyWidget;
			sourceTree = "<group>";
		};
		15FF325E2ADC630E00B6B2AA = {
			isa = PBXGroup;
			children = (
				155364902AE6E35B00164846 /* README.md */,
				159A4E662AFD39EF008E0829 /* CONTRIBUTING.md */,
				150C5BFD2AFCC17B00310D62 /* PRIVACY.md */,
				15FF32692ADC630E00B6B2AA /* DailyLanguage */,
				158ECBCC2ADC63D900247626 /* DailyWidget */,
				159637A02B9D0E53004C8BE5 /* DailyLibrary */,
				158ECBC72ADC63D900247626 /* Frameworks */,
				15FF32682ADC630E00B6B2AA /* Products */,
			);
			sourceTree = "<group>";
		};
		15FF32682ADC630E00B6B2AA /* Products */ = {
			isa = PBXGroup;
			children = (
				15FF32672ADC630E00B6B2AA /* DailyLanguage.app */,
				158ECBC62ADC63D900247626 /* DailyWidgetExtension.appex */,
			);
			name = Products;
			sourceTree = "<group>";
		};
		15FF32692ADC630E00B6B2AA /* DailyLanguage */ = {
			isa = PBXGroup;
			children = (
				15FF326A2ADC630E00B6B2AA /* DailyLanguageApp.swift */,
				15FF326C2ADC630E00B6B2AA /* ContentView.swift */,
				15FF326E2ADC630F00B6B2AA /* Assets.xcassets */,
				15FF32702ADC630F00B6B2AA /* DailyLanguage.entitlements */,
				15FF32712ADC630F00B6B2AA /* Preview Content */,
			);
			path = DailyLanguage;
			sourceTree = "<group>";
		};
		15FF32712ADC630F00B6B2AA /* Preview Content */ = {
			isa = PBXGroup;
			children = (
				15FF32722ADC630F00B6B2AA /* Preview Assets.xcassets */,
			);
			path = "Preview Content";
			sourceTree = "<group>";
		};
/* End PBXGroup section */

/* Begin PBXNativeTarget section */
		158ECBC52ADC63D900247626 /* DailyWidgetExtension */ = {
			isa = PBXNativeTarget;
			buildConfigurationList = 158ECBDB2ADC63DB00247626 /* Build configuration list for PBXNativeTarget "DailyWidgetExtension" */;
			buildPhases = (
				158ECBC22ADC63D900247626 /* Sources */,
				158ECBC32ADC63D900247626 /* Frameworks */,
				158ECBC42ADC63D900247626 /* Resources */,
			);
			buildRules = (
			);
			dependencies = (
			);
			name = DailyWidgetExtension;
			packageProductDependencies = (
				150E2C902B9D12280033EABA /* DailyLibrary */,
			);
			productName = DailyWidgetExtension;
			productReference = 158ECBC62ADC63D900247626 /* DailyWidgetExtension.appex */;
			productType = "com.apple.product-type.app-extension";
		};
		15FF32662ADC630E00B6B2AA /* DailyLanguage */ = {
			isa = PBXNativeTarget;
			buildConfigurationList = 15FF32762ADC630F00B6B2AA /* Build configuration list for PBXNativeTarget "DailyLanguage" */;
			buildPhases = (
				15FF32632ADC630E00B6B2AA /* Sources */,
				15FF32642ADC630E00B6B2AA /* Frameworks */,
				15FF32652ADC630E00B6B2AA /* Resources */,
				158ECBD82ADC63DB00247626 /* Embed Foundation Extensions */,
				158ECBF92ADC803100247626 /* Embed Frameworks */,
			);
			buildRules = (
			);
			dependencies = (
				158ECBD62ADC63DB00247626 /* PBXTargetDependency */,
			);
			name = DailyLanguage;
			packageProductDependencies = (
				150E2C922B9D122E0033EABA /* DailyLibrary */,
			);
			productName = DailyLanguage;
			productReference = 15FF32672ADC630E00B6B2AA /* DailyLanguage.app */;
			productType = "com.apple.product-type.application";
		};
/* End PBXNativeTarget section */

/* Begin PBXProject section */
		15FF325F2ADC630E00B6B2AA /* Project object */ = {
			isa = PBXProject;
			attributes = {
				BuildIndependentTargetsInParallel = 1;
				LastSwiftUpdateCheck = 1500;
				LastUpgradeCheck = 1520;
				TargetAttributes = {
					158ECBC52ADC63D900247626 = {
						CreatedOnToolsVersion = 15.0;
					};
					15FF32662ADC630E00B6B2AA = {
						CreatedOnToolsVersion = 15.0;
					};
				};
			};
			buildConfigurationList = 15FF32622ADC630E00B6B2AA /* Build configuration list for PBXProject "DailyLanguage" */;
			compatibilityVersion = "Xcode 14.0";
			developmentRegion = en;
			hasScannedForEncodings = 0;
			knownRegions = (
				en,
				Base,
			);
			mainGroup = 15FF325E2ADC630E00B6B2AA;
			productRefGroup = 15FF32682ADC630E00B6B2AA /* Products */;
			projectDirPath = "";
			projectRoot = "";
			targets = (
				15FF32662ADC630E00B6B2AA /* DailyLanguage */,
				158ECBC52ADC63D900247626 /* DailyWidgetExtension */,
			);
		};
/* End PBXProject section */

/* Begin PBXResourcesBuildPhase section */
		158ECBC42ADC63D900247626 /* Resources */ = {
			isa = PBXResourcesBuildPhase;
			buildActionMask = 2147483647;
			files = (
				158ECBD22ADC63DB00247626 /* Assets.xcassets in Resources */,
			);
			runOnlyForDeploymentPostprocessing = 0;
		};
		15FF32652ADC630E00B6B2AA /* Resources */ = {
			isa = PBXResourcesBuildPhase;
			buildActionMask = 2147483647;
			files = (
				15FF32732ADC630F00B6B2AA /* Preview Assets.xcassets in Resources */,
				15FF326F2ADC630F00B6B2AA /* Assets.xcassets in Resources */,
			);
			runOnlyForDeploymentPostprocessing = 0;
		};
/* End PBXResourcesBuildPhase section */

/* Begin PBXSourcesBuildPhase section */
		158ECBC22ADC63D900247626 /* Sources */ = {
			isa = PBXSourcesBuildPhase;
			buildActionMask = 2147483647;
			files = (
				158ECBCE2ADC63D900247626 /* DailyWidgetBundle.swift in Sources */,
				150E2C992B9D15B20033EABA /* TranslationTimelineEntry.swift in Sources */,
				150E2C9B2B9D15F90033EABA /* TranslationView.swift in Sources */,
				150E2C972B9D153B0033EABA /* TranslationTimelineProvider.swift in Sources */,
				150E2C9D2B9D166B0033EABA /* TranslationWidget.swift in Sources */,
			);
			runOnlyForDeploymentPostprocessing = 0;
		};
		15FF32632ADC630E00B6B2AA /* Sources */ = {
			isa = PBXSourcesBuildPhase;
			buildActionMask = 2147483647;
			files = (
				15FF326D2ADC630E00B6B2AA /* ContentView.swift in Sources */,
				15FF326B2ADC630E00B6B2AA /* DailyLanguageApp.swift in Sources */,
			);
			runOnlyForDeploymentPostprocessing = 0;
		};
/* End PBXSourcesBuildPhase section */

/* Begin PBXTargetDependency section */
		158ECBD62ADC63DB00247626 /* PBXTargetDependency */ = {
			isa = PBXTargetDependency;
			target = 158ECBC52ADC63D900247626 /* DailyWidgetExtension */;
			targetProxy = 158ECBD52ADC63DB00247626 /* PBXContainerItemProxy */;
		};
/* End PBXTargetDependency section */

/* Begin XCBuildConfiguration section */
		158ECBD92ADC63DB00247626 /* Debug */ = {
			isa = XCBuildConfiguration;
			buildSettings = {
				ASSETCATALOG_COMPILER_GLOBAL_ACCENT_COLOR_NAME = AccentColor;
				ASSETCATALOG_COMPILER_WIDGET_BACKGROUND_COLOR_NAME = WidgetBackground;
				CODE_SIGN_ENTITLEMENTS = DailyWidget/DailyWidget.entitlements;
				CODE_SIGN_STYLE = Automatic;
				CURRENT_PROJECT_VERSION = 1;
				DEAD_CODE_STRIPPING = YES;
				DEVELOPMENT_TEAM = XDGS844A6P;
				ENABLE_HARDENED_RUNTIME = YES;
				GENERATE_INFOPLIST_FILE = YES;
				INFOPLIST_FILE = DailyWidget/Info.plist;
				INFOPLIST_KEY_CFBundleDisplayName = DailyWidget;
				INFOPLIST_KEY_NSHumanReadableCopyright = "";
				IPHONEOS_DEPLOYMENT_TARGET = 17.0;
				LD_RUNPATH_SEARCH_PATHS = (
					"$(inherited)",
					"@executable_path/Frameworks",
					"@executable_path/../../Frameworks",
				);
				"LD_RUNPATH_SEARCH_PATHS[sdk=macosx*]" = (
					"$(inherited)",
					"@executable_path/../Frameworks",
					"@executable_path/../../../../Frameworks",
				);
				MACOSX_DEPLOYMENT_TARGET = 14.0;
				MARKETING_VERSION = 1.0.6;
				PRODUCT_BUNDLE_IDENTIFIER = com.jungaretti.DailyLanguage.DailyWidget;
				PRODUCT_NAME = "$(TARGET_NAME)";
				SDKROOT = auto;
				SKIP_INSTALL = YES;
				SUPPORTED_PLATFORMS = "iphoneos iphonesimulator macosx";
				SWIFT_EMIT_LOC_STRINGS = YES;
				SWIFT_VERSION = 5.0;
				TARGETED_DEVICE_FAMILY = "1,2";
			};
			name = Debug;
		};
		158ECBDA2ADC63DB00247626 /* Release */ = {
			isa = XCBuildConfiguration;
			buildSettings = {
				ASSETCATALOG_COMPILER_GLOBAL_ACCENT_COLOR_NAME = AccentColor;
				ASSETCATALOG_COMPILER_WIDGET_BACKGROUND_COLOR_NAME = WidgetBackground;
				CODE_SIGN_ENTITLEMENTS = DailyWidget/DailyWidget.entitlements;
				CODE_SIGN_STYLE = Automatic;
				CURRENT_PROJECT_VERSION = 1;
				DEAD_CODE_STRIPPING = YES;
				DEVELOPMENT_TEAM = XDGS844A6P;
				ENABLE_HARDENED_RUNTIME = YES;
				GENERATE_INFOPLIST_FILE = YES;
				INFOPLIST_FILE = DailyWidget/Info.plist;
				INFOPLIST_KEY_CFBundleDisplayName = DailyWidget;
				INFOPLIST_KEY_NSHumanReadableCopyright = "";
				IPHONEOS_DEPLOYMENT_TARGET = 17.0;
				LD_RUNPATH_SEARCH_PATHS = (
					"$(inherited)",
					"@executable_path/Frameworks",
					"@executable_path/../../Frameworks",
				);
				"LD_RUNPATH_SEARCH_PATHS[sdk=macosx*]" = (
					"$(inherited)",
					"@executable_path/../Frameworks",
					"@executable_path/../../../../Frameworks",
				);
				MACOSX_DEPLOYMENT_TARGET = 14.0;
				MARKETING_VERSION = 1.0.6;
				PRODUCT_BUNDLE_IDENTIFIER = com.jungaretti.DailyLanguage.DailyWidget;
				PRODUCT_NAME = "$(TARGET_NAME)";
				SDKROOT = auto;
				SKIP_INSTALL = YES;
				SUPPORTED_PLATFORMS = "iphoneos iphonesimulator macosx";
				SWIFT_EMIT_LOC_STRINGS = YES;
				SWIFT_VERSION = 5.0;
				TARGETED_DEVICE_FAMILY = "1,2";
			};
			name = Release;
		};
		15FF32742ADC630F00B6B2AA /* Debug */ = {
			isa = XCBuildConfiguration;
			buildSettings = {
				ALWAYS_SEARCH_USER_PATHS = NO;
				ASSETCATALOG_COMPILER_GENERATE_SWIFT_ASSET_SYMBOL_EXTENSIONS = YES;
				CLANG_ANALYZER_NONNULL = YES;
				CLANG_ANALYZER_NUMBER_OBJECT_CONVERSION = YES_AGGRESSIVE;
				CLANG_CXX_LANGUAGE_STANDARD = "gnu++20";
				CLANG_ENABLE_MODULES = YES;
				CLANG_ENABLE_OBJC_ARC = YES;
				CLANG_ENABLE_OBJC_WEAK = YES;
				CLANG_WARN_BLOCK_CAPTURE_AUTORELEASING = YES;
				CLANG_WARN_BOOL_CONVERSION = YES;
				CLANG_WARN_COMMA = YES;
				CLANG_WARN_CONSTANT_CONVERSION = YES;
				CLANG_WARN_DEPRECATED_OBJC_IMPLEMENTATIONS = YES;
				CLANG_WARN_DIRECT_OBJC_ISA_USAGE = YES_ERROR;
				CLANG_WARN_DOCUMENTATION_COMMENTS = YES;
				CLANG_WARN_EMPTY_BODY = YES;
				CLANG_WARN_ENUM_CONVERSION = YES;
				CLANG_WARN_INFINITE_RECURSION = YES;
				CLANG_WARN_INT_CONVERSION = YES;
				CLANG_WARN_NON_LITERAL_NULL_CONVERSION = YES;
				CLANG_WARN_OBJC_IMPLICIT_RETAIN_SELF = YES;
				CLANG_WARN_OBJC_LITERAL_CONVERSION = YES;
				CLANG_WARN_OBJC_ROOT_CLASS = YES_ERROR;
				CLANG_WARN_QUOTED_INCLUDE_IN_FRAMEWORK_HEADER = YES;
				CLANG_WARN_RANGE_LOOP_ANALYSIS = YES;
				CLANG_WARN_STRICT_PROTOTYPES = YES;
				CLANG_WARN_SUSPICIOUS_MOVE = YES;
				CLANG_WARN_UNGUARDED_AVAILABILITY = YES_AGGRESSIVE;
				CLANG_WARN_UNREACHABLE_CODE = YES;
				CLANG_WARN__DUPLICATE_METHOD_MATCH = YES;
				COPY_PHASE_STRIP = NO;
				DEAD_CODE_STRIPPING = YES;
				DEBUG_INFORMATION_FORMAT = dwarf;
				ENABLE_STRICT_OBJC_MSGSEND = YES;
				ENABLE_TESTABILITY = YES;
				ENABLE_USER_SCRIPT_SANDBOXING = YES;
				GCC_C_LANGUAGE_STANDARD = gnu17;
				GCC_DYNAMIC_NO_PIC = NO;
				GCC_NO_COMMON_BLOCKS = YES;
				GCC_OPTIMIZATION_LEVEL = 0;
				GCC_PREPROCESSOR_DEFINITIONS = (
					"DEBUG=1",
					"$(inherited)",
				);
				GCC_WARN_64_TO_32_BIT_CONVERSION = YES;
				GCC_WARN_ABOUT_RETURN_TYPE = YES_ERROR;
				GCC_WARN_UNDECLARED_SELECTOR = YES;
				GCC_WARN_UNINITIALIZED_AUTOS = YES_AGGRESSIVE;
				GCC_WARN_UNUSED_FUNCTION = YES;
				GCC_WARN_UNUSED_VARIABLE = YES;
				LOCALIZATION_PREFERS_STRING_CATALOGS = YES;
				MTL_ENABLE_DEBUG_INFO = INCLUDE_SOURCE;
				MTL_FAST_MATH = YES;
				ONLY_ACTIVE_ARCH = YES;
				SWIFT_ACTIVE_COMPILATION_CONDITIONS = "DEBUG $(inherited)";
				SWIFT_OPTIMIZATION_LEVEL = "-Onone";
			};
			name = Debug;
		};
		15FF32752ADC630F00B6B2AA /* Release */ = {
			isa = XCBuildConfiguration;
			buildSettings = {
				ALWAYS_SEARCH_USER_PATHS = NO;
				ASSETCATALOG_COMPILER_GENERATE_SWIFT_ASSET_SYMBOL_EXTENSIONS = YES;
				CLANG_ANALYZER_NONNULL = YES;
				CLANG_ANALYZER_NUMBER_OBJECT_CONVERSION = YES_AGGRESSIVE;
				CLANG_CXX_LANGUAGE_STANDARD = "gnu++20";
				CLANG_ENABLE_MODULES = YES;
				CLANG_ENABLE_OBJC_ARC = YES;
				CLANG_ENABLE_OBJC_WEAK = YES;
				CLANG_WARN_BLOCK_CAPTURE_AUTORELEASING = YES;
				CLANG_WARN_BOOL_CONVERSION = YES;
				CLANG_WARN_COMMA = YES;
				CLANG_WARN_CONSTANT_CONVERSION = YES;
				CLANG_WARN_DEPRECATED_OBJC_IMPLEMENTATIONS = YES;
				CLANG_WARN_DIRECT_OBJC_ISA_USAGE = YES_ERROR;
				CLANG_WARN_DOCUMENTATION_COMMENTS = YES;
				CLANG_WARN_EMPTY_BODY = YES;
				CLANG_WARN_ENUM_CONVERSION = YES;
				CLANG_WARN_INFINITE_RECURSION = YES;
				CLANG_WARN_INT_CONVERSION = YES;
				CLANG_WARN_NON_LITERAL_NULL_CONVERSION = YES;
				CLANG_WARN_OBJC_IMPLICIT_RETAIN_SELF = YES;
				CLANG_WARN_OBJC_LITERAL_CONVERSION = YES;
				CLANG_WARN_OBJC_ROOT_CLASS = YES_ERROR;
				CLANG_WARN_QUOTED_INCLUDE_IN_FRAMEWORK_HEADER = YES;
				CLANG_WARN_RANGE_LOOP_ANALYSIS = YES;
				CLANG_WARN_STRICT_PROTOTYPES = YES;
				CLANG_WARN_SUSPICIOUS_MOVE = YES;
				CLANG_WARN_UNGUARDED_AVAILABILITY = YES_AGGRESSIVE;
				CLANG_WARN_UNREACHABLE_CODE = YES;
				CLANG_WARN__DUPLICATE_METHOD_MATCH = YES;
				COPY_PHASE_STRIP = NO;
				DEAD_CODE_STRIPPING = YES;
				DEBUG_INFORMATION_FORMAT = "dwarf-with-dsym";
				ENABLE_NS_ASSERTIONS = NO;
				ENABLE_STRICT_OBJC_MSGSEND = YES;
				ENABLE_USER_SCRIPT_SANDBOXING = YES;
				GCC_C_LANGUAGE_STANDARD = gnu17;
				GCC_NO_COMMON_BLOCKS = YES;
				GCC_WARN_64_TO_32_BIT_CONVERSION = YES;
				GCC_WARN_ABOUT_RETURN_TYPE = YES_ERROR;
				GCC_WARN_UNDECLARED_SELECTOR = YES;
				GCC_WARN_UNINITIALIZED_AUTOS = YES_AGGRESSIVE;
				GCC_WARN_UNUSED_FUNCTION = YES;
				GCC_WARN_UNUSED_VARIABLE = YES;
				LOCALIZATION_PREFERS_STRING_CATALOGS = YES;
				MTL_ENABLE_DEBUG_INFO = NO;
				MTL_FAST_MATH = YES;
				SWIFT_COMPILATION_MODE = wholemodule;
			};
			name = Release;
		};
		15FF32772ADC630F00B6B2AA /* Debug */ = {
			isa = XCBuildConfiguration;
			buildSettings = {
				ALWAYS_EMBED_SWIFT_STANDARD_LIBRARIES = YES;
				ASSETCATALOG_COMPILER_APPICON_NAME = AppIcon;
				ASSETCATALOG_COMPILER_GLOBAL_ACCENT_COLOR_NAME = AccentColor;
				CODE_SIGN_ENTITLEMENTS = DailyLanguage/DailyLanguage.entitlements;
				CODE_SIGN_STYLE = Automatic;
				CURRENT_PROJECT_VERSION = 1;
				DEAD_CODE_STRIPPING = YES;
				DEVELOPMENT_ASSET_PATHS = "\"DailyLanguage/Preview Content\"";
				DEVELOPMENT_TEAM = XDGS844A6P;
				ENABLE_HARDENED_RUNTIME = YES;
				ENABLE_PREVIEWS = YES;
				GENERATE_INFOPLIST_FILE = YES;
				INFOPLIST_KEY_CFBundleDisplayName = "Daily Italian";
				"INFOPLIST_KEY_UIApplicationSceneManifest_Generation[sdk=iphoneos*]" = YES;
				"INFOPLIST_KEY_UIApplicationSceneManifest_Generation[sdk=iphonesimulator*]" = YES;
				"INFOPLIST_KEY_UIApplicationSupportsIndirectInputEvents[sdk=iphoneos*]" = YES;
				"INFOPLIST_KEY_UIApplicationSupportsIndirectInputEvents[sdk=iphonesimulator*]" = YES;
				"INFOPLIST_KEY_UILaunchScreen_Generation[sdk=iphoneos*]" = YES;
				"INFOPLIST_KEY_UILaunchScreen_Generation[sdk=iphonesimulator*]" = YES;
				"INFOPLIST_KEY_UIStatusBarStyle[sdk=iphoneos*]" = UIStatusBarStyleDefault;
				"INFOPLIST_KEY_UIStatusBarStyle[sdk=iphonesimulator*]" = UIStatusBarStyleDefault;
				INFOPLIST_KEY_UISupportedInterfaceOrientations = UIInterfaceOrientationPortrait;
				INFOPLIST_KEY_UISupportedInterfaceOrientations_iPad = "UIInterfaceOrientationLandscapeLeft UIInterfaceOrientationLandscapeRight UIInterfaceOrientationPortrait UIInterfaceOrientationPortraitUpsideDown";
				IPHONEOS_DEPLOYMENT_TARGET = 17.0;
				LD_RUNPATH_SEARCH_PATHS = "@executable_path/Frameworks";
				"LD_RUNPATH_SEARCH_PATHS[sdk=macosx*]" = "@executable_path/../Frameworks";
				MACOSX_DEPLOYMENT_TARGET = 14.0;
				MARKETING_VERSION = 1.0.6;
				PRODUCT_BUNDLE_IDENTIFIER = com.jungaretti.DailyLanguage;
				PRODUCT_NAME = "$(TARGET_NAME)";
				SDKROOT = auto;
				SUPPORTED_PLATFORMS = "iphoneos iphonesimulator macosx";
				SWIFT_EMIT_LOC_STRINGS = YES;
				SWIFT_VERSION = 5.0;
				TARGETED_DEVICE_FAMILY = "1,2";
			};
			name = Debug;
		};
		15FF32782ADC630F00B6B2AA /* Release */ = {
			isa = XCBuildConfiguration;
			buildSettings = {
				ALWAYS_EMBED_SWIFT_STANDARD_LIBRARIES = YES;
				ASSETCATALOG_COMPILER_APPICON_NAME = AppIcon;
				ASSETCATALOG_COMPILER_GLOBAL_ACCENT_COLOR_NAME = AccentColor;
				CODE_SIGN_ENTITLEMENTS = DailyLanguage/DailyLanguage.entitlements;
				CODE_SIGN_STYLE = Automatic;
				CURRENT_PROJECT_VERSION = 1;
				DEAD_CODE_STRIPPING = YES;
				DEVELOPMENT_ASSET_PATHS = "\"DailyLanguage/Preview Content\"";
				DEVELOPMENT_TEAM = XDGS844A6P;
				ENABLE_HARDENED_RUNTIME = YES;
				ENABLE_PREVIEWS = YES;
				GENERATE_INFOPLIST_FILE = YES;
				INFOPLIST_KEY_CFBundleDisplayName = "Daily Italian";
				"INFOPLIST_KEY_UIApplicationSceneManifest_Generation[sdk=iphoneos*]" = YES;
				"INFOPLIST_KEY_UIApplicationSceneManifest_Generation[sdk=iphonesimulator*]" = YES;
				"INFOPLIST_KEY_UIApplicationSupportsIndirectInputEvents[sdk=iphoneos*]" = YES;
				"INFOPLIST_KEY_UIApplicationSupportsIndirectInputEvents[sdk=iphonesimulator*]" = YES;
				"INFOPLIST_KEY_UILaunchScreen_Generation[sdk=iphoneos*]" = YES;
				"INFOPLIST_KEY_UILaunchScreen_Generation[sdk=iphonesimulator*]" = YES;
				"INFOPLIST_KEY_UIStatusBarStyle[sdk=iphoneos*]" = UIStatusBarStyleDefault;
				"INFOPLIST_KEY_UIStatusBarStyle[sdk=iphonesimulator*]" = UIStatusBarStyleDefault;
				INFOPLIST_KEY_UISupportedInterfaceOrientations = UIInterfaceOrientationPortrait;
				INFOPLIST_KEY_UISupportedInterfaceOrientations_iPad = "UIInterfaceOrientationLandscapeLeft UIInterfaceOrientationLandscapeRight UIInterfaceOrientationPortrait UIInterfaceOrientationPortraitUpsideDown";
				IPHONEOS_DEPLOYMENT_TARGET = 17.0;
				LD_RUNPATH_SEARCH_PATHS = "@executable_path/Frameworks";
				"LD_RUNPATH_SEARCH_PATHS[sdk=macosx*]" = "@executable_path/../Frameworks";
				MACOSX_DEPLOYMENT_TARGET = 14.0;
				MARKETING_VERSION = 1.0.6;
				PRODUCT_BUNDLE_IDENTIFIER = com.jungaretti.DailyLanguage;
				PRODUCT_NAME = "$(TARGET_NAME)";
				SDKROOT = auto;
				SUPPORTED_PLATFORMS = "iphoneos iphonesimulator macosx";
				SWIFT_EMIT_LOC_STRINGS = YES;
				SWIFT_VERSION = 5.0;
				TARGETED_DEVICE_FAMILY = "1,2";
			};
			name = Release;
		};
/* End XCBuildConfiguration section */

/* Begin XCConfigurationList section */
		158ECBDB2ADC63DB00247626 /* Build configuration list for PBXNativeTarget "DailyWidgetExtension" */ = {
			isa = XCConfigurationList;
			buildConfigurations = (
				158ECBD92ADC63DB00247626 /* Debug */,
				158ECBDA2ADC63DB00247626 /* Release */,
			);
			defaultConfigurationIsVisible = 0;
			defaultConfigurationName = Release;
		};
		15FF32622ADC630E00B6B2AA /* Build configuration list for PBXProject "DailyLanguage" */ = {
			isa = XCConfigurationList;
			buildConfigurations = (
				15FF32742ADC630F00B6B2AA /* Debug */,
				15FF32752ADC630F00B6B2AA /* Release */,
			);
			defaultConfigurationIsVisible = 0;
			defaultConfigurationName = Release;
		};
		15FF32762ADC630F00B6B2AA /* Build configuration list for PBXNativeTarget "DailyLanguage" */ = {
			isa = XCConfigurationList;
			buildConfigurations = (
				15FF32772ADC630F00B6B2AA /* Debug */,
				15FF32782ADC630F00B6B2AA /* Release */,
			);
			defaultConfigurationIsVisible = 0;
			defaultConfigurationName = Release;
		};
/* End XCConfigurationList section */

/* Begin XCSwiftPackageProductDependency section */
		150E2C902B9D12280033EABA /* DailyLibrary */ = {
			isa = XCSwiftPackageProductDependency;
			productName = DailyLibrary;
		};
		150E2C922B9D122E0033EABA /* DailyLibrary */ = {
			isa = XCSwiftPackageProductDependency;
			productName = DailyLibrary;
		};
/* End XCSwiftPackageProductDependency section */
	};
	rootObject = 15FF325F2ADC630E00B6B2AA /* Project object */;
}
